
Microsoft Visual Studio Solution File, Format Version 12.00
# Visual Studio Version 17
VisualStudioVersion = 17.9.34728.123
MinimumVisualStudioVersion = 10.0.40219.1
Project("{FAE04EC0-301F-11D3-BF4B-00C04F79EFBC}") = "ErrorsChecker", "ErrorsChecker\ErrorsChecker.csproj", "{698D07B3-1114-4B6E-9B1C-97A7F92A6B25}"
EndProject
Global
	GlobalSection(SolutionConfigurationPlatforms) = preSolution
		Debug|Any CPU = Debug|Any CPU
		Release|Any CPU = Release|Any CPU
	EndGlobalSection
	GlobalSection(ProjectConfigurationPlatforms) = postSolution
		{698D07B3-1114-4B6E-9B1C-97A7F92A6B25}.Debug|Any CPU.ActiveCfg = Debug|Any CPU
		{698D07B3-1114-4B6E-9B1C-97A7F92A6B25}.Debug|Any CPU.Build.0 = Debug|Any CPU
		{698D07B3-1114-4B6E-9B1C-97A7F92A6B25}.Release|Any CPU.ActiveCfg = Release|Any CPU
		{698D07B3-1114-4B6E-9B1C-97A7F92A6B25}.Release|Any CPU.Build.0 = Release|Any CPU
	EndGlobalSection
	GlobalSection(SolutionProperties) = preSolution
		HideSolutionNode = FALSE
	EndGlobalSection
	GlobalSection(ExtensibilityGlobals) = postSolution
		SolutionGuid = {EA105A9B-D7FE-4724-A5CE-3D584CBA2D10}
	EndGlobalSection
EndGlobal
